
Microsoft Visual Studio Solution File, Format Version 12.00
# Visual Studio Version 17
VisualStudioVersion = 17.8.34330.188
MinimumVisualStudioVersion = 10.0.40219.1
Project("{FAE04EC0-301F-11D3-BF4B-00C04F79EFBC}") = "Notes", "Notes\Notes.csproj", "{7903C4F1-39AB-4C59-ADA3-E7296D239FFB}"
EndProject
Global
	GlobalSection(SolutionConfigurationPlatforms) = preSolution
		Debug|Any CPU = Debug|Any CPU
		Release|Any CPU = Release|Any CPU
	EndGlobalSection
	GlobalSection(ProjectConfigurationPlatforms) = postSolution
		{7903C4F1-39AB-4C59-ADA3-E7296D239FFB}.Debug|Any CPU.ActiveCfg = Debug|Any CPU
		{7903C4F1-39AB-4C59-ADA3-E7296D239FFB}.Debug|Any CPU.Build.0 = Debug|Any CPU
		{7903C4F1-39AB-4C59-ADA3-E7296D239FFB}.Release|Any CPU.ActiveCfg = Release|Any CPU
		{7903C4F1-39AB-4C59-ADA3-E7296D239FFB}.Release|Any CPU.Build.0 = Release|Any CPU
	EndGlobalSection
	GlobalSection(SolutionProperties) = preSolution
		HideSolutionNode = FALSE
	EndGlobalSection
	GlobalSection(ExtensibilityGlobals) = postSolution
		SolutionGuid = {5E9513EE-53E9-4FB0-A9DE-CAAB30BF6286}
	EndGlobalSection
EndGlobal
